// !$*UTF8*$!
{
	archiveVersion = 1;
	classes = {
	};
	objectVersion = 50;
	objects = {

/* Begin PBXBuildFile section */
		4AA2FE1C23424560007E1F5A /* AppDelegate.swift in Sources */ = {isa = PBXBuildFile; fileRef = 4AA2FE1B23424560007E1F5A /* AppDelegate.swift */; };
		4AA2FE1E23424560007E1F5A /* ViewController.swift in Sources */ = {isa = PBXBuildFile; fileRef = 4AA2FE1D23424560007E1F5A /* ViewController.swift */; };
		4AA2FE2123424560007E1F5A /* Main.storyboard in Resources */ = {isa = PBXBuildFile; fileRef = 4AA2FE1F23424560007E1F5A /* Main.storyboard */; };
		4AA2FE232342456F007E1F5A /* Assets.xcassets in Resources */ = {isa = PBXBuildFile; fileRef = 4AA2FE222342456F007E1F5A /* Assets.xcassets */; };
		4AA2FE262342456F007E1F5A /* LaunchScreen.storyboard in Resources */ = {isa = PBXBuildFile; fileRef = 4AA2FE242342456F007E1F5A /* LaunchScreen.storyboard */; };
		4AA2FE3123424570007E1F5A /* ex03Tests.swift in Sources */ = {isa = PBXBuildFile; fileRef = 4AA2FE3023424570007E1F5A /* ex03Tests.swift */; };
		4AA2FE3C23424570007E1F5A /* ex03UITests.swift in Sources */ = {isa = PBXBuildFile; fileRef = 4AA2FE3B23424570007E1F5A /* ex03UITests.swift */; };
/* End PBXBuildFile section */

/* Begin PBXContainerItemProxy section */
		4AA2FE2D23424570007E1F5A /* PBXContainerItemProxy */ = {
			isa = PBXContainerItemProxy;
			containerPortal = 4AA2FE1023424560007E1F5A /* Project object */;
			proxyType = 1;
			remoteGlobalIDString = 4AA2FE1723424560007E1F5A;
			remoteInfo = ex03;
		};
		4AA2FE3823424570007E1F5A /* PBXContainerItemProxy */ = {
			isa = PBXContainerItemProxy;
			containerPortal = 4AA2FE1023424560007E1F5A /* Project object */;
			proxyType = 1;
			remoteGlobalIDString = 4AA2FE1723424560007E1F5A;
			remoteInfo = ex03;
		};
/* End PBXContainerItemProxy section */

/* Begin PBXFileReference section */
		4AA2FE1823424560007E1F5A /* ex03.app */ = {isa = PBXFileReference; explicitFileType = wrapper.application; includeInIndex = 0; path = ex03.app; sourceTree = BUILT_PRODUCTS_DIR; };
		4AA2FE1B23424560007E1F5A /* AppDelegate.swift */ = {isa = PBXFileReference; lastKnownFileType = sourcecode.swift; path = AppDelegate.swift; sourceTree = "<group>"; };
		4AA2FE1D23424560007E1F5A /* ViewController.swift */ = {isa = PBXFileReference; lastKnownFileType = sourcecode.swift; path = ViewController.swift; sourceTree = "<group>"; };
		4AA2FE2023424560007E1F5A /* Base */ = {isa = PBXFileReference; lastKnownFileType = file.storyboard; name = Base; path = Base.lproj/Main.storyboard; sourceTree = "<group>"; };
		4AA2FE222342456F007E1F5A /* Assets.xcassets */ = {isa = PBXFileReference; lastKnownFileType = folder.assetcatalog; path = Assets.xcassets; sourceTree = "<group>"; };
		4AA2FE252342456F007E1F5A /* Base */ = {isa = PBXFileReference; lastKnownFileType = file.storyboard; name = Base; path = Base.lproj/LaunchScreen.storyboard; sourceTree = "<group>"; };
		4AA2FE272342456F007E1F5A /* Info.plist */ = {isa = PBXFileReference; lastKnownFileType = text.plist.xml; path = Info.plist; sourceTree = "<group>"; };
		4AA2FE2C23424570007E1F5A /* ex03Tests.xctest */ = {isa = PBXFileReference; explicitFileType = wrapper.cfbundle; includeInIndex = 0; path = ex03Tests.xctest; sourceTree = BUILT_PRODUCTS_DIR; };
		4AA2FE3023424570007E1F5A /* ex03Tests.swift */ = {isa = PBXFileReference; lastKnownFileType = sourcecode.swift; path = ex03Tests.swift; sourceTree = "<group>"; };
		4AA2FE3223424570007E1F5A /* Info.plist */ = {isa = PBXFileReference; lastKnownFileType = text.plist.xml; path = Info.plist; sourceTree = "<group>"; };
		4AA2FE3723424570007E1F5A /* ex03UITests.xctest */ = {isa = PBXFileReference; explicitFileType = wrapper.cfbundle; includeInIndex = 0; path = ex03UITests.xctest; sourceTree = BUILT_PRODUCTS_DIR; };
		4AA2FE3B23424570007E1F5A /* ex03UITests.swift */ = {isa = PBXFileReference; lastKnownFileType = sourcecode.swift; path = ex03UITests.swift; sourceTree = "<group>"; };
		4AA2FE3D23424570007E1F5A /* Info.plist */ = {isa = PBXFileReference; lastKnownFileType = text.plist.xml; path = Info.plist; sourceTree = "<group>"; };
/* End PBXFileReference section */

/* Begin PBXFrameworksBuildPhase section */
		4AA2FE1523424560007E1F5A /* Frameworks */ = {
			isa = PBXFrameworksBuildPhase;
			buildActionMask = 2147483647;
			files = (
			);
			runOnlyForDeploymentPostprocessing = 0;
		};
		4AA2FE2923424570007E1F5A /* Frameworks */ = {
			isa = PBXFrameworksBuildPhase;
			buildActionMask = 2147483647;
			files = (
			);
			runOnlyForDeploymentPostprocessing = 0;
		};
		4AA2FE3423424570007E1F5A /* Frameworks */ = {
			isa = PBXFrameworksBuildPhase;
			buildActionMask = 2147483647;
			files = (
			);
			runOnlyForDeploymentPostprocessing = 0;
		};
/* End PBXFrameworksBuildPhase section */

/* Begin PBXGroup section */
		4AA2FE0F23424560007E1F5A = {
			isa = PBXGroup;
			children = (
				4AA2FE1A23424560007E1F5A /* ex03 */,
				4AA2FE2F23424570007E1F5A /* ex03Tests */,
				4AA2FE3A23424570007E1F5A /* ex03UITests */,
				4AA2FE1923424560007E1F5A /* Products */,
			);
			sourceTree = "<group>";
		};
		4AA2FE1923424560007E1F5A /* Products */ = {
			isa = PBXGroup;
			children = (
				4AA2FE1823424560007E1F5A /* ex03.app */,
				4AA2FE2C23424570007E1F5A /* ex03Tests.xctest */,
				4AA2FE3723424570007E1F5A /* ex03UITests.xctest */,
			);
			name = Products;
			sourceTree = "<group>";
		};
		4AA2FE1A23424560007E1F5A /* ex03 */ = {
			isa = PBXGroup;
			children = (
				4AA2FE1B23424560007E1F5A /* AppDelegate.swift */,
				4AA2FE1D23424560007E1F5A /* ViewController.swift */,
				4AA2FE1F23424560007E1F5A /* Main.storyboard */,
				4AA2FE222342456F007E1F5A /* Assets.xcassets */,
				4AA2FE242342456F007E1F5A /* LaunchScreen.storyboard */,
				4AA2FE272342456F007E1F5A /* Info.plist */,
			);
			path = ex03;
			sourceTree = "<group>";
		};
		4AA2FE2F23424570007E1F5A /* ex03Tests */ = {
			isa = PBXGroup;
			children = (
				4AA2FE3023424570007E1F5A /* ex03Tests.swift */,
				4AA2FE3223424570007E1F5A /* Info.plist */,
			);
			path = ex03Tests;
			sourceTree = "<group>";
		};
		4AA2FE3A23424570007E1F5A /* ex03UITests */ = {
			isa = PBXGroup;
			children = (
				4AA2FE3B23424570007E1F5A /* ex03UITests.swift */,
				4AA2FE3D23424570007E1F5A /* Info.plist */,
			);
			path = ex03UITests;
			sourceTree = "<group>";
		};
/* End PBXGroup section */

/* Begin PBXNativeTarget section */
		4AA2FE1723424560007E1F5A /* ex03 */ = {
			isa = PBXNativeTarget;
			buildConfigurationList = 4AA2FE4023424570007E1F5A /* Build configuration list for PBXNativeTarget "ex03" */;
			buildPhases = (
				4AA2FE1423424560007E1F5A /* Sources */,
				4AA2FE1523424560007E1F5A /* Frameworks */,
				4AA2FE1623424560007E1F5A /* Resources */,
			);
			buildRules = (
			);
			dependencies = (
			);
			name = ex03;
			productName = ex03;
			productReference = 4AA2FE1823424560007E1F5A /* ex03.app */;
			productType = "com.apple.product-type.application";
		};
		4AA2FE2B23424570007E1F5A /* ex03Tests */ = {
			isa = PBXNativeTarget;
			buildConfigurationList = 4AA2FE4323424570007E1F5A /* Build configuration list for PBXNativeTarget "ex03Tests" */;
			buildPhases = (
				4AA2FE2823424570007E1F5A /* Sources */,
				4AA2FE2923424570007E1F5A /* Frameworks */,
				4AA2FE2A23424570007E1F5A /* Resources */,
			);
			buildRules = (
			);
			dependencies = (
				4AA2FE2E23424570007E1F5A /* PBXTargetDependency */,
			);
			name = ex03Tests;
			productName = ex03Tests;
			productReference = 4AA2FE2C23424570007E1F5A /* ex03Tests.xctest */;
			productType = "com.apple.product-type.bundle.unit-test";
		};
		4AA2FE3623424570007E1F5A /* ex03UITests */ = {
			isa = PBXNativeTarget;
			buildConfigurationList = 4AA2FE4623424570007E1F5A /* Build configuration list for PBXNativeTarget "ex03UITests" */;
			buildPhases = (
				4AA2FE3323424570007E1F5A /* Sources */,
				4AA2FE3423424570007E1F5A /* Frameworks */,
				4AA2FE3523424570007E1F5A /* Resources */,
			);
			buildRules = (
			);
			dependencies = (
				4AA2FE3923424570007E1F5A /* PBXTargetDependency */,
			);
			name = ex03UITests;
			productName = ex03UITests;
			productReference = 4AA2FE3723424570007E1F5A /* ex03UITests.xctest */;
			productType = "com.apple.product-type.bundle.ui-testing";
		};
/* End PBXNativeTarget section */

/* Begin PBXProject section */
		4AA2FE1023424560007E1F5A /* Project object */ = {
			isa = PBXProject;
			attributes = {
				LastSwiftUpdateCheck = 1020;
				LastUpgradeCheck = 1020;
				ORGANIZATIONNAME = "Mishchenko YULIIA";
				TargetAttributes = {
					4AA2FE1723424560007E1F5A = {
						CreatedOnToolsVersion = 10.2.1;
					};
					4AA2FE2B23424570007E1F5A = {
						CreatedOnToolsVersion = 10.2.1;
						TestTargetID = 4AA2FE1723424560007E1F5A;
					};
					4AA2FE3623424570007E1F5A = {
						CreatedOnToolsVersion = 10.2.1;
						TestTargetID = 4AA2FE1723424560007E1F5A;
					};
				};
			};
			buildConfigurationList = 4AA2FE1323424560007E1F5A /* Build configuration list for PBXProject "ex03" */;
			compatibilityVersion = "Xcode 9.3";
			developmentRegion = en;
			hasScannedForEncodings = 0;
			knownRegions = (
				en,
				Base,
			);
			mainGroup = 4AA2FE0F23424560007E1F5A;
			productRefGroup = 4AA2FE1923424560007E1F5A /* Products */;
			projectDirPath = "";
			projectRoot = "";
			targets = (
				4AA2FE1723424560007E1F5A /* ex03 */,
				4AA2FE2B23424570007E1F5A /* ex03Tests */,
				4AA2FE3623424570007E1F5A /* ex03UITests */,
			);
		};
/* End PBXProject section */

/* Begin PBXResourcesBuildPhase section */
		4AA2FE1623424560007E1F5A /* Resources */ = {
			isa = PBXResourcesBuildPhase;
			buildActionMask = 2147483647;
			files = (
				4AA2FE262342456F007E1F5A /* LaunchScreen.storyboard in Resources */,
				4AA2FE232342456F007E1F5A /* Assets.xcassets in Resources */,
				4AA2FE2123424560007E1F5A /* Main.storyboard in Resources */,
			);
			runOnlyForDeploymentPostprocessing = 0;
		};
		4AA2FE2A23424570007E1F5A /* Resources */ = {
			isa = PBXResourcesBuildPhase;
			buildActionMask = 2147483647;
			files = (
			);
			runOnlyForDeploymentPostprocessing = 0;
		};
		4AA2FE3523424570007E1F5A /* Resources */ = {
			isa = PBXResourcesBuildPhase;
			buildActionMask = 2147483647;
			files = (
			);
			runOnlyForDeploymentPostprocessing = 0;
		};
/* End PBXResourcesBuildPhase section */

/* Begin PBXSourcesBuildPhase section */
		4AA2FE1423424560007E1F5A /* Sources */ = {
			isa = PBXSourcesBuildPhase;
			buildActionMask = 2147483647;
			files = (
				4AA2FE1E23424560007E1F5A /* ViewController.swift in Sources */,
				4AA2FE1C23424560007E1F5A /* AppDelegate.swift in Sources */,
			);
			runOnlyForDeploymentPostprocessing = 0;
		};
		4AA2FE2823424570007E1F5A /* Sources */ = {
			isa = PBXSourcesBuildPhase;
			buildActionMask = 2147483647;
			files = (
				4AA2FE3123424570007E1F5A /* ex03Tests.swift in Sources */,
			);
			runOnlyForDeploymentPostprocessing = 0;
		};
		4AA2FE3323424570007E1F5A /* Sources */ = {
			isa = PBXSourcesBuildPhase;
			buildActionMask = 2147483647;
			files = (
				4AA2FE3C23424570007E1F5A /* ex03UITests.swift in Sources */,
			);
			runOnlyForDeploymentPostprocessing = 0;
		};
/* End PBXSourcesBuildPhase section */

/* Begin PBXTargetDependency section */
		4AA2FE2E23424570007E1F5A /* PBXTargetDependency */ = {
			isa = PBXTargetDependency;
			target = 4AA2FE1723424560007E1F5A /* ex03 */;
			targetProxy = 4AA2FE2D23424570007E1F5A /* PBXContainerItemProxy */;
		};
		4AA2FE3923424570007E1F5A /* PBXTargetDependency */ = {
			isa = PBXTargetDependency;
			target = 4AA2FE1723424560007E1F5A /* ex03 */;
			targetProxy = 4AA2FE3823424570007E1F5A /* PBXContainerItemProxy */;
		};
/* End PBXTargetDependency section */

/* Begin PBXVariantGroup section */
		4AA2FE1F23424560007E1F5A /* Main.storyboard */ = {
			isa = PBXVariantGroup;
			children = (
				4AA2FE2023424560007E1F5A /* Base */,
			);
			name = Main.storyboard;
			sourceTree = "<group>";
		};
		4AA2FE242342456F007E1F5A /* LaunchScreen.storyboard */ = {
			isa = PBXVariantGroup;
			children = (
				4AA2FE252342456F007E1F5A /* Base */,
			);
			name = LaunchScreen.storyboard;
			sourceTree = "<group>";
		};
/* End PBXVariantGroup section */

/* Begin XCBuildConfiguration section */
		4AA2FE3E23424570007E1F5A /* Debug */ = {
			isa = XCBuildConfiguration;
			buildSettings = {
				ALWAYS_SEARCH_USER_PATHS = NO;
				CLANG_ANALYZER_NONNULL = YES;
				CLANG_ANALYZER_NUMBER_OBJECT_CONVERSION = YES_AGGRESSIVE;
				CLANG_CXX_LANGUAGE_STANDARD = "gnu++14";
				CLANG_CXX_LIBRARY = "libc++";
				CLANG_ENABLE_MODULES = YES;
				CLANG_ENABLE_OBJC_ARC = YES;
				CLANG_ENABLE_OBJC_WEAK = YES;
				CLANG_WARN_BLOCK_CAPTURE_AUTORELEASING = YES;
				CLANG_WARN_BOOL_CONVERSION = YES;
				CLANG_WARN_COMMA = YES;
				CLANG_WARN_CONSTANT_CONVERSION = YES;
				CLANG_WARN_DEPRECATED_OBJC_IMPLEMENTATIONS = YES;
				CLANG_WARN_DIRECT_OBJC_ISA_USAGE = YES_ERROR;
				CLANG_WARN_DOCUMENTATION_COMMENTS = YES;
				CLANG_WARN_EMPTY_BODY = YES;
				CLANG_WARN_ENUM_CONVERSION = YES;
				CLANG_WARN_INFINITE_RECURSION = YES;
				CLANG_WARN_INT_CONVERSION = YES;
				CLANG_WARN_NON_LITERAL_NULL_CONVERSION = YES;
				CLANG_WARN_OBJC_IMPLICIT_RETAIN_SELF = YES;
				CLANG_WARN_OBJC_LITERAL_CONVERSION = YES;
				CLANG_WARN_OBJC_ROOT_CLASS = YES_ERROR;
				CLANG_WARN_RANGE_LOOP_ANALYSIS = YES;
				CLANG_WARN_STRICT_PROTOTYPES = YES;
				CLANG_WARN_SUSPICIOUS_MOVE = YES;
				CLANG_WARN_UNGUARDED_AVAILABILITY = YES_AGGRESSIVE;
				CLANG_WARN_UNREACHABLE_CODE = YES;
				CLANG_WARN__DUPLICATE_METHOD_MATCH = YES;
				CODE_SIGN_IDENTITY = "iPhone Developer";
				COPY_PHASE_STRIP = NO;
				DEBUG_INFORMATION_FORMAT = dwarf;
				ENABLE_STRICT_OBJC_MSGSEND = YES;
				ENABLE_TESTABILITY = YES;
				GCC_C_LANGUAGE_STANDARD = gnu11;
				GCC_DYNAMIC_NO_PIC = NO;
				GCC_NO_COMMON_BLOCKS = YES;
				GCC_OPTIMIZATION_LEVEL = 0;
				GCC_PREPROCESSOR_DEFINITIONS = (
					"DEBUG=1",
					"$(inherited)",
				);
				GCC_WARN_64_TO_32_BIT_CONVERSION = YES;
				GCC_WARN_ABOUT_RETURN_TYPE = YES_ERROR;
				GCC_WARN_UNDECLARED_SELECTOR = YES;
				GCC_WARN_UNINITIALIZED_AUTOS = YES_AGGRESSIVE;
				GCC_WARN_UNUSED_FUNCTION = YES;
				GCC_WARN_UNUSED_VARIABLE = YES;
				IPHONEOS_DEPLOYMENT_TARGET = 12.2;
				MTL_ENABLE_DEBUG_INFO = INCLUDE_SOURCE;
				MTL_FAST_MATH = YES;
				ONLY_ACTIVE_ARCH = YES;
				SDKROOT = iphoneos;
				SWIFT_ACTIVE_COMPILATION_CONDITIONS = DEBUG;
				SWIFT_OPTIMIZATION_LEVEL = "-Onone";
			};
			name = Debug;
		};
		4AA2FE3F23424570007E1F5A /* Release */ = {
			isa = XCBuildConfiguration;
			buildSettings = {
				ALWAYS_SEARCH_USER_PATHS = NO;
				CLANG_ANALYZER_NONNULL = YES;
				CLANG_ANALYZER_NUMBER_OBJECT_CONVERSION = YES_AGGRESSIVE;
				CLANG_CXX_LANGUAGE_STANDARD = "gnu++14";
				CLANG_CXX_LIBRARY = "libc++";
				CLANG_ENABLE_MODULES = YES;
				CLANG_ENABLE_OBJC_ARC = YES;
				CLANG_ENABLE_OBJC_WEAK = YES;
				CLANG_WARN_BLOCK_CAPTURE_AUTORELEASING = YES;
				CLANG_WARN_BOOL_CONVERSION = YES;
				CLANG_WARN_COMMA = YES;
				CLANG_WARN_CONSTANT_CONVERSION = YES;
				CLANG_WARN_DEPRECATED_OBJC_IMPLEMENTATIONS = YES;
				CLANG_WARN_DIRECT_OBJC_ISA_USAGE = YES_ERROR;
				CLANG_WARN_DOCUMENTATION_COMMENTS = YES;
				CLANG_WARN_EMPTY_BODY = YES;
				CLANG_WARN_ENUM_CONVERSION = YES;
				CLANG_WARN_INFINITE_RECURSION = YES;
				CLANG_WARN_INT_CONVERSION = YES;
				CLANG_WARN_NON_LITERAL_NULL_CONVERSION = YES;
				CLANG_WARN_OBJC_IMPLICIT_RETAIN_SELF = YES;
				CLANG_WARN_OBJC_LITERAL_CONVERSION = YES;
				CLANG_WARN_OBJC_ROOT_CLASS = YES_ERROR;
				CLANG_WARN_RANGE_LOOP_ANALYSIS = YES;
				CLANG_WARN_STRICT_PROTOTYPES = YES;
				CLANG_WARN_SUSPICIOUS_MOVE = YES;
				CLANG_WARN_UNGUARDED_AVAILABILITY = YES_AGGRESSIVE;
				CLANG_WARN_UNREACHABLE_CODE = YES;
				CLANG_WARN__DUPLICATE_METHOD_MATCH = YES;
				CODE_SIGN_IDENTITY = "iPhone Developer";
				COPY_PHASE_STRIP = NO;
				DEBUG_INFORMATION_FORMAT = "dwarf-with-dsym";
				ENABLE_NS_ASSERTIONS = NO;
				ENABLE_STRICT_OBJC_MSGSEND = YES;
				GCC_C_LANGUAGE_STANDARD = gnu11;
				GCC_NO_COMMON_BLOCKS = YES;
				GCC_WARN_64_TO_32_BIT_CONVERSION = YES;
				GCC_WARN_ABOUT_RETURN_TYPE = YES_ERROR;
				GCC_WARN_UNDECLARED_SELECTOR = YES;
				GCC_WARN_UNINITIALIZED_AUTOS = YES_AGGRESSIVE;
				GCC_WARN_UNUSED_FUNCTION = YES;
				GCC_WARN_UNUSED_VARIABLE = YES;
				IPHONEOS_DEPLOYMENT_TARGET = 12.2;
				MTL_ENABLE_DEBUG_INFO = NO;
				MTL_FAST_MATH = YES;
				SDKROOT = iphoneos;
				SWIFT_COMPILATION_MODE = wholemodule;
				SWIFT_OPTIMIZATION_LEVEL = "-O";
				VALIDATE_PRODUCT = YES;
			};
			name = Release;
		};
		4AA2FE4123424570007E1F5A /* Debug */ = {
			isa = XCBuildConfiguration;
			buildSettings = {
				ASSETCATALOG_COMPILER_APPICON_NAME = AppIcon;
				CODE_SIGN_STYLE = Automatic;
				DEVELOPMENT_TEAM = PB2WDMGM8D;
				INFOPLIST_FILE = ex03/Info.plist;
				LD_RUNPATH_SEARCH_PATHS = (
					"$(inherited)",
					"@executable_path/Frameworks",
				);
				PRODUCT_BUNDLE_IDENTIFIER = ex03.ex03;
				PRODUCT_NAME = "$(TARGET_NAME)";
				SWIFT_VERSION = 5.0;
				TARGETED_DEVICE_FAMILY = "1,2";
			};
			name = Debug;
		};
		4AA2FE4223424570007E1F5A /* Release */ = {
			isa = XCBuildConfiguration;
			buildSettings = {
				ASSETCATALOG_COMPILER_APPICON_NAME = AppIcon;
				CODE_SIGN_STYLE = Automatic;
				DEVELOPMENT_TEAM = PB2WDMGM8D;
				INFOPLIST_FILE = ex03/Info.plist;
				LD_RUNPATH_SEARCH_PATHS = (
					"$(inherited)",
					"@executable_path/Frameworks",
				);
				PRODUCT_BUNDLE_IDENTIFIER = ex03.ex03;
				PRODUCT_NAME = "$(TARGET_NAME)";
				SWIFT_VERSION = 5.0;
				TARGETED_DEVICE_FAMILY = "1,2";
			};
			name = Release;
		};
		4AA2FE4423424570007E1F5A /* Debug */ = {
			isa = XCBuildConfiguration;
			buildSettings = {
				ALWAYS_EMBED_SWIFT_STANDARD_LIBRARIES = YES;
				BUNDLE_LOADER = "$(TEST_HOST)";
				CODE_SIGN_STYLE = Automatic;
				DEVELOPMENT_TEAM = PB2WDMGM8D;
				INFOPLIST_FILE = ex03Tests/Info.plist;
				LD_RUNPATH_SEARCH_PATHS = (
					"$(inherited)",
					"@executable_path/Frameworks",
					"@loader_path/Frameworks",
				);
				PRODUCT_BUNDLE_IDENTIFIER = ex03.ex03Tests;
				PRODUCT_NAME = "$(TARGET_NAME)";
				SWIFT_VERSION = 5.0;
				TARGETED_DEVICE_FAMILY = "1,2";
				TEST_HOST = "$(BUILT_PRODUCTS_DIR)/ex03.app/ex03";
			};
			name = Debug;
		};
		4AA2FE4523424570007E1F5A /* Release */ = {
			isa = XCBuildConfiguration;
			buildSettings = {
				ALWAYS_EMBED_SWIFT_STANDARD_LIBRARIES = YES;
				BUNDLE_LOADER = "$(TEST_HOST)";
				CODE_SIGN_STYLE = Automatic;
				DEVELOPMENT_TEAM = PB2WDMGM8D;
				INFOPLIST_FILE = ex03Tests/Info.plist;
				LD_RUNPATH_SEARCH_PATHS = (
					"$(inherited)",
					"@executable_path/Frameworks",
					"@loader_path/Frameworks",
				);
				PRODUCT_BUNDLE_IDENTIFIER = ex03.ex03Tests;
				PRODUCT_NAME = "$(TARGET_NAME)";
				SWIFT_VERSION = 5.0;
				TARGETED_DEVICE_FAMILY = "1,2";
				TEST_HOST = "$(BUILT_PRODUCTS_DIR)/ex03.app/ex03";
			};
			name = Release;
		};
		4AA2FE4723424570007E1F5A /* Debug */ = {
			isa = XCBuildConfiguration;
			buildSettings = {
				ALWAYS_EMBED_SWIFT_STANDARD_LIBRARIES = YES;
				CODE_SIGN_STYLE = Automatic;
				DEVELOPMENT_TEAM = PB2WDMGM8D;
				INFOPLIST_FILE = ex03UITests/Info.plist;
				LD_RUNPATH_SEARCH_PATHS = (
					"$(inherited)",
					"@executable_path/Frameworks",
					"@loader_path/Frameworks",
				);
				PRODUCT_BUNDLE_IDENTIFIER = ex03.ex03UITests;
				PRODUCT_NAME = "$(TARGET_NAME)";
				SWIFT_VERSION = 5.0;
				TARGETED_DEVICE_FAMILY = "1,2";
				TEST_TARGET_NAME = ex03;
			};
			name = Debug;
		};
		4AA2FE4823424570007E1F5A /* Release */ = {
			isa = XCBuildConfiguration;
			buildSettings = {
				ALWAYS_EMBED_SWIFT_STANDARD_LIBRARIES = YES;
				CODE_SIGN_STYLE = Automatic;
				DEVELOPMENT_TEAM = PB2WDMGM8D;
				INFOPLIST_FILE = ex03UITests/Info.plist;
				LD_RUNPATH_SEARCH_PATHS = (
					"$(inherited)",
					"@executable_path/Frameworks",
					"@loader_path/Frameworks",
				);
				PRODUCT_BUNDLE_IDENTIFIER = ex03.ex03UITests;
				PRODUCT_NAME = "$(TARGET_NAME)";
				SWIFT_VERSION = 5.0;
				TARGETED_DEVICE_FAMILY = "1,2";
				TEST_TARGET_NAME = ex03;
			};
			name = Release;
		};
/* End XCBuildConfiguration section */

/* Begin XCConfigurationList section */
		4AA2FE1323424560007E1F5A /* Build configuration list for PBXProject "ex03" */ = {
			isa = XCConfigurationList;
			buildConfigurations = (
				4AA2FE3E23424570007E1F5A /* Debug */,
				4AA2FE3F23424570007E1F5A /* Release */,
			);
			defaultConfigurationIsVisible = 0;
			defaultConfigurationName = Release;
		};
		4AA2FE4023424570007E1F5A /* Build configuration list for PBXNativeTarget "ex03" */ = {
			isa = XCConfigurationList;
			buildConfigurations = (
				4AA2FE4123424570007E1F5A /* Debug */,
				4AA2FE4223424570007E1F5A /* Release */,
			);
			defaultConfigurationIsVisible = 0;
			defaultConfigurationName = Release;
		};
		4AA2FE4323424570007E1F5A /* Build configuration list for PBXNativeTarget "ex03Tests" */ = {
			isa = XCConfigurationList;
			buildConfigurations = (
				4AA2FE4423424570007E1F5A /* Debug */,
				4AA2FE4523424570007E1F5A /* Release */,
			);
			defaultConfigurationIsVisible = 0;
			defaultConfigurationName = Release;
		};
		4AA2FE4623424570007E1F5A /* Build configuration list for PBXNativeTarget "ex03UITests" */ = {
			isa = XCConfigurationList;
			buildConfigurations = (
				4AA2FE4723424570007E1F5A /* Debug */,
				4AA2FE4823424570007E1F5A /* Release */,
			);
			defaultConfigurationIsVisible = 0;
			defaultConfigurationName = Release;
		};
/* End XCConfigurationList section */
	};
	rootObject = 4AA2FE1023424560007E1F5A /* Project object */;
}
